
Microsoft Visual Studio Solution File, Format Version 12.00
Project("{FAE04EC0-301F-11D3-BF4B-00C04F79EFBC}") = "Team-Capture.Generator", "Team-Capture.Generator\Team-Capture.Generator.csproj", "{310794EB-E10E-4DE0-9224-3B5537C16318}"
EndProject
Global
	GlobalSection(SolutionConfigurationPlatforms) = preSolution
		Debug|Any CPU = Debug|Any CPU
		Release|Any CPU = Release|Any CPU
	EndGlobalSection
	GlobalSection(ProjectConfigurationPlatforms) = postSolution
		{310794EB-E10E-4DE0-9224-3B5537C16318}.Debug|Any CPU.ActiveCfg = Debug|Any CPU
		{310794EB-E10E-4DE0-9224-3B5537C16318}.Debug|Any CPU.Build.0 = Debug|Any CPU
		{310794EB-E10E-4DE0-9224-3B5537C16318}.Release|Any CPU.ActiveCfg = Release|Any CPU
		{310794EB-E10E-4DE0-9224-3B5537C16318}.Release|Any CPU.Build.0 = Release|Any CPU
	EndGlobalSection
EndGlobal
